{
  "nodes": {
    "catppuccin": {
      "inputs": {
        "nixpkgs": "nixpkgs"
      },
      "locked": {
        "lastModified": 1765990358,
        "narHash": "sha256-l8x0gU8mnYaGMl+gWrsSHKBJlZWD8KXJfHTkRlFiPI0=",
        "owner": "catppuccin",
        "repo": "nix",
        "rev": "de1b60ca45a578f59f7d84c8d338b346017b2161",
        "type": "github"
      },
      "original": {
        "owner": "catppuccin",
        "repo": "nix",
        "type": "github"
      }
    },
    "flake-compat": {
      "flake": false,
      "locked": {
        "lastModified": 1751685974,
        "narHash": "sha256-NKw96t+BgHIYzHUjkTK95FqYRVKB8DHpVhefWSz/kTw=",
        "ref": "refs/heads/main",
        "rev": "549f2762aebeff29a2e5ece7a7dc0f955281a1d1",
        "revCount": 92,
        "type": "git",
        "url": "https://git.lix.systems/lix-project/flake-compat.git"
      },
      "original": {
        "type": "git",
        "url": "https://git.lix.systems/lix-project/flake-compat.git"
      }
    },
    "flake-compat_2": {
      "flake": false,
      "locked": {
        "lastModified": 1751685974,
        "narHash": "sha256-NKw96t+BgHIYzHUjkTK95FqYRVKB8DHpVhefWSz/kTw=",
        "ref": "refs/heads/main",
        "rev": "549f2762aebeff29a2e5ece7a7dc0f955281a1d1",
        "revCount": 92,
        "type": "git",
        "url": "https://git.lix.systems/lix-project/flake-compat.git"
      },
      "original": {
        "type": "git",
        "url": "https://git.lix.systems/lix-project/flake-compat.git"
      }
    },
    "flake-parts": {
      "inputs": {
        "nixpkgs-lib": [
          "nur",
          "nixpkgs"
        ]
      },
      "locked": {
        "lastModified": 1733312601,
        "narHash": "sha256-4pDvzqnegAfRkPwO3wmwBhVi/Sye1mzps0zHWYnP88c=",
        "owner": "hercules-ci",
        "repo": "flake-parts",
        "rev": "205b12d8b7cd4802fbcb8e8ef6a0f1408781a4f9",
        "type": "github"
      },
      "original": {
        "owner": "hercules-ci",
        "repo": "flake-parts",
        "type": "github"
      }
    },
    "flake-parts_2": {
      "inputs": {
        "nixpkgs-lib": [
          "nvf",
          "nixpkgs"
        ]
      },
      "locked": {
        "lastModified": 1760948891,
        "narHash": "sha256-TmWcdiUUaWk8J4lpjzu4gCGxWY6/Ok7mOK4fIFfBuU4=",
        "owner": "hercules-ci",
        "repo": "flake-parts",
        "rev": "864599284fc7c0ba6357ed89ed5e2cd5040f0c04",
        "type": "github"
      },
      "original": {
        "owner": "hercules-ci",
        "repo": "flake-parts",
        "type": "github"
      }
    },
    "flake-parts_3": {
      "inputs": {
        "nixpkgs-lib": [
          "nvfOs76",
          "nvf",
          "nixpkgs"
        ]
      },
      "locked": {
        "lastModified": 1760948891,
        "narHash": "sha256-TmWcdiUUaWk8J4lpjzu4gCGxWY6/Ok7mOK4fIFfBuU4=",
        "owner": "hercules-ci",
        "repo": "flake-parts",
        "rev": "864599284fc7c0ba6357ed89ed5e2cd5040f0c04",
        "type": "github"
      },
      "original": {
        "owner": "hercules-ci",
        "repo": "flake-parts",
        "type": "github"
      }
    },
    "flake-utils": {
      "inputs": {
        "systems": "systems_3"
      },
      "locked": {
        "lastModified": 1731533236,
        "narHash": "sha256-l0KFg5HjrsfsO/JpG+r7fRrqm12kzFHyUHqHCVpMMbI=",
        "owner": "numtide",
        "repo": "flake-utils",
        "rev": "11707dc2f618dd54ca8739b309ec4fc024de578b",
        "type": "github"
      },
      "original": {
        "owner": "numtide",
        "repo": "flake-utils",
        "type": "github"
      }
    },
    "home-manager": {
      "inputs": {
        "nixpkgs": [
          "nixpkgs"
        ]
      },
      "locked": {
        "lastModified": 1767280655,
        "narHash": "sha256-YmaYMduV5ko8zURUT1VLGDbVC1L/bxHS0NsiPoZ6bBM=",
        "owner": "nix-community",
        "repo": "home-manager",
        "rev": "d49d2543f02dbd789ed032188c84570d929223cb",
        "type": "github"
      },
      "original": {
        "owner": "nix-community",
        "ref": "release-25.11",
        "repo": "home-manager",
        "type": "github"
      }
    },
    "mnw": {
      "locked": {
        "lastModified": 1758834834,
        "narHash": "sha256-Y7IvY4F8vajZyp3WGf+KaiIVwondEkMFkt92Cr9NZmg=",
        "owner": "Gerg-L",
        "repo": "mnw",
        "rev": "cfbc7d1cc832e318d0863a5fc91d940a96034001",
        "type": "github"
      },
      "original": {
        "owner": "Gerg-L",
        "repo": "mnw",
        "type": "github"
      }
    },
    "mnw_2": {
      "locked": {
        "lastModified": 1758834834,
        "narHash": "sha256-Y7IvY4F8vajZyp3WGf+KaiIVwondEkMFkt92Cr9NZmg=",
        "owner": "Gerg-L",
        "repo": "mnw",
        "rev": "cfbc7d1cc832e318d0863a5fc91d940a96034001",
        "type": "github"
      },
      "original": {
        "owner": "Gerg-L",
        "repo": "mnw",
        "type": "github"
      }
    },
    "ndg": {
      "inputs": {
        "nixpkgs": "nixpkgs_6"
      },
      "locked": {
        "lastModified": 1765435293,
        "narHash": "sha256-HRp4g6qBCb8vpJ17s2FacMRXRszM73uBiR56aILMELA=",
        "owner": "feel-co",
        "repo": "ndg",
        "rev": "65bf834b332d5f8b28d95ea14c7974be7c272971",
        "type": "github"
      },
      "original": {
        "owner": "feel-co",
        "repo": "ndg",
        "type": "github"
      }
    },
    "ndg_2": {
      "inputs": {
        "nixpkgs": "nixpkgs_8"
      },
      "locked": {
        "lastModified": 1765435293,
        "narHash": "sha256-HRp4g6qBCb8vpJ17s2FacMRXRszM73uBiR56aILMELA=",
        "owner": "feel-co",
        "repo": "ndg",
        "rev": "65bf834b332d5f8b28d95ea14c7974be7c272971",
        "type": "github"
      },
      "original": {
        "owner": "feel-co",
        "repo": "ndg",
        "type": "github"
      }
    },
    "nixpkgs": {
      "locked": {
        "lastModified": 1763966396,
        "narHash": "sha256-6eeL1YPcY1MV3DDStIDIdy/zZCDKgHdkCmsrLJFiZf0=",
        "owner": "NixOS",
        "repo": "nixpkgs",
        "rev": "5ae3b07d8d6527c42f17c876e404993199144b6a",
        "type": "github"
      },
      "original": {
        "owner": "NixOS",
        "ref": "nixos-unstable",
        "repo": "nixpkgs",
        "type": "github"
      }
    },
    "nixpkgs-23_05": {
      "locked": {
        "lastModified": 1705033721,
        "narHash": "sha256-K5eJHmL1/kev6WuqyqqbS1cdNnSidIZ3jeqJ7GbrYnQ=",
        "owner": "nixos",
        "repo": "nixpkgs",
        "rev": "a1982c92d8980a0114372973cbdfe0a307f1bdea",
        "type": "github"
      },
      "original": {
        "owner": "nixos",
        "ref": "nixos-23.05-small",
        "repo": "nixpkgs",
        "type": "github"
      }
    },
    "nixpkgs-23_05_2": {
      "locked": {
        "lastModified": 1705033721,
        "narHash": "sha256-K5eJHmL1/kev6WuqyqqbS1cdNnSidIZ3jeqJ7GbrYnQ=",
        "owner": "nixos",
        "repo": "nixpkgs",
        "rev": "a1982c92d8980a0114372973cbdfe0a307f1bdea",
        "type": "github"
      },
      "original": {
        "owner": "nixos",
        "ref": "nixos-23.05-small",
        "repo": "nixpkgs",
        "type": "github"
      }
    },
    "nixpkgs-24_05": {
      "locked": {
        "lastModified": 1735651292,
        "narHash": "sha256-YLbzcBtYo1/FEzFsB3AnM16qFc6fWPMIoOuSoDwvg9g=",
        "owner": "nixos",
        "repo": "nixpkgs",
        "rev": "0da3c44a9460a26d2025ec3ed2ec60a895eb1114",
        "type": "github"
      },
      "original": {
        "owner": "nixos",
        "ref": "nixos-24.05-small",
        "repo": "nixpkgs",
        "type": "github"
      }
    },
    "nixpkgs-24_05_2": {
      "locked": {
        "lastModified": 1735651292,
        "narHash": "sha256-YLbzcBtYo1/FEzFsB3AnM16qFc6fWPMIoOuSoDwvg9g=",
        "owner": "nixos",
        "repo": "nixpkgs",
        "rev": "0da3c44a9460a26d2025ec3ed2ec60a895eb1114",
        "type": "github"
      },
      "original": {
        "owner": "nixos",
        "ref": "nixos-24.05-small",
        "repo": "nixpkgs",
        "type": "github"
      }
    },
    "nixpkgs-terraform": {
      "inputs": {
        "nixpkgs": "nixpkgs_3",
        "nixpkgs-23_05": "nixpkgs-23_05",
        "nixpkgs-24_05": "nixpkgs-24_05",
        "systems": "systems"
      },
      "locked": {
        "lastModified": 1766020684,
        "narHash": "sha256-lwIDPF2/XXVa/WqKaS3dCztD4wFdPI3rGf9l2VpjU+o=",
        "owner": "stackbuilders",
        "repo": "nixpkgs-terraform",
        "rev": "f0bff994d7ef011e469c474b38eb1d71323199fb",
        "type": "github"
      },
      "original": {
        "owner": "stackbuilders",
        "repo": "nixpkgs-terraform",
        "type": "github"
      }
    },
    "nixpkgs-terraform_2": {
      "inputs": {
        "nixpkgs": "nixpkgs_7",
        "nixpkgs-23_05": "nixpkgs-23_05_2",
        "nixpkgs-24_05": "nixpkgs-24_05_2",
        "systems": "systems_4"
      },
      "locked": {
        "lastModified": 1766020684,
        "narHash": "sha256-lwIDPF2/XXVa/WqKaS3dCztD4wFdPI3rGf9l2VpjU+o=",
        "owner": "stackbuilders",
        "repo": "nixpkgs-terraform",
        "rev": "f0bff994d7ef011e469c474b38eb1d71323199fb",
        "type": "github"
      },
      "original": {
        "owner": "stackbuilders",
        "repo": "nixpkgs-terraform",
        "type": "github"
      }
    },
    "nixpkgsUnstable": {
      "locked": {
        "lastModified": 1767273430,
        "narHash": "sha256-kDpoFwQ8GLrPiS3KL+sAwreXrph2KhdXuJzo5+vSLoo=",
        "owner": "NixOS",
        "repo": "nixpkgs",
        "rev": "76eec3925eb9bbe193934987d3285473dbcfad50",
        "type": "github"
      },
      "original": {
        "owner": "NixOS",
        "ref": "nixpkgs-unstable",
        "repo": "nixpkgs",
        "type": "github"
      }
    },
    "nixpkgs_2": {
      "locked": {
        "lastModified": 1767325753,
        "narHash": "sha256-yA/CuWyqm+AQo2ivGy6PlYrjZBQm7jfbe461+4HF2fo=",
        "owner": "NixOS",
        "repo": "nixpkgs",
        "rev": "64049ca74d63e971b627b5f3178d95642e61cedd",
        "type": "github"
      },
      "original": {
        "owner": "NixOS",
        "ref": "nixos-25.11",
        "repo": "nixpkgs",
        "type": "github"
      }
    },
    "nixpkgs_3": {
      "locked": {
        "lastModified": 1763934636,
        "narHash": "sha256-9glbI7f1uU+yzQCq5LwLgdZqx6svOhZWkd4JRY265fc=",
        "owner": "nixos",
        "repo": "nixpkgs",
        "rev": "ee09932cedcef15aaf476f9343d1dea2cb77e261",
        "type": "github"
      },
      "original": {
        "owner": "nixos",
        "ref": "nixpkgs-unstable",
        "repo": "nixpkgs",
        "type": "github"
      }
    },
    "nixpkgs_4": {
      "locked": {
        "lastModified": 1712449641,
        "narHash": "sha256-U9DDWMexN6o5Td2DznEgguh8TRIUnIl9levmit43GcI=",
        "owner": "NixOS",
        "repo": "nixpkgs",
        "rev": "600b15aea1b36eeb43833a50b0e96579147099ff",
        "type": "github"
      },
      "original": {
        "owner": "NixOS",
        "ref": "nixpkgs-unstable",
        "repo": "nixpkgs",
        "type": "github"
      }
    },
    "nixpkgs_5": {
      "locked": {
        "lastModified": 1712449641,
        "narHash": "sha256-U9DDWMexN6o5Td2DznEgguh8TRIUnIl9levmit43GcI=",
        "owner": "NixOS",
        "repo": "nixpkgs",
        "rev": "600b15aea1b36eeb43833a50b0e96579147099ff",
        "type": "github"
      },
      "original": {
        "owner": "NixOS",
        "ref": "nixpkgs-unstable",
        "repo": "nixpkgs",
        "type": "github"
      }
    },
    "nixpkgs_6": {
      "locked": {
        "lastModified": 1764242076,
        "narHash": "sha256-sKoIWfnijJ0+9e4wRvIgm/HgE27bzwQxcEmo2J/gNpI=",
        "owner": "NixOS",
        "repo": "nixpkgs",
        "rev": "2fad6eac6077f03fe109c4d4eb171cf96791faa4",
        "type": "github"
      },
      "original": {
        "owner": "NixOS",
        "ref": "nixos-unstable",
        "repo": "nixpkgs",
        "type": "github"
      }
    },
    "nixpkgs_7": {
      "locked": {
        "lastModified": 1763934636,
        "narHash": "sha256-9glbI7f1uU+yzQCq5LwLgdZqx6svOhZWkd4JRY265fc=",
        "owner": "nixos",
        "repo": "nixpkgs",
        "rev": "ee09932cedcef15aaf476f9343d1dea2cb77e261",
        "type": "github"
      },
      "original": {
        "owner": "nixos",
        "ref": "nixpkgs-unstable",
        "repo": "nixpkgs",
        "type": "github"
      }
    },
    "nixpkgs_8": {
      "locked": {
        "lastModified": 1764242076,
        "narHash": "sha256-sKoIWfnijJ0+9e4wRvIgm/HgE27bzwQxcEmo2J/gNpI=",
        "owner": "NixOS",
        "repo": "nixpkgs",
        "rev": "2fad6eac6077f03fe109c4d4eb171cf96791faa4",
        "type": "github"
      },
      "original": {
        "owner": "NixOS",
        "ref": "nixos-unstable",
        "repo": "nixpkgs",
        "type": "github"
      }
    },
    "nur": {
      "inputs": {
        "flake-parts": "flake-parts",
        "nixpkgs": [
          "nixpkgs"
        ]
      },
      "locked": {
        "lastModified": 1767410064,
        "narHash": "sha256-MnZbQobjwptpZnxB9byZhuUM6H/3OIhHqQWmoUm1U44=",
        "owner": "nix-community",
        "repo": "NUR",
        "rev": "b5e1a4fb696656303d3425574d17bf65871cc232",
        "type": "github"
      },
      "original": {
        "owner": "nix-community",
        "repo": "NUR",
        "type": "github"
      }
    },
    "nurOs76": {
      "inputs": {
        "nixpkgs": "nixpkgs_4"
      },
      "locked": {
        "lastModified": 1763742446,
        "narHash": "sha256-4khiJLyNHul3eJP7KNs4lO4oLJ5ER6sZVQGAs9Y0t8A=",
        "owner": "xenos76",
        "repo": "nur-packages",
        "rev": "fe47c4ddd6f046a20389ac957bd08a1c7d349c3e",
        "type": "github"
      },
      "original": {
        "owner": "xenos76",
        "repo": "nur-packages",
        "type": "github"
      }
    },
    "nurOs76Priv": {
      "inputs": {
        "nixpkgs": "nixpkgs_5"
      },
      "locked": {
        "lastModified": 1763722839,
        "narHash": "sha256-TsskE9+7ifGEtp9xTAS33nLM79Ho97IIUfCZLODfJl0=",
        "ref": "refs/heads/master",
        "rev": "6bd1dd6c01f32964fb875412884f00d60379197a",
        "revCount": 40,
        "type": "git",
        "url": "https://git.priv.os76.xyz/xeno/nur.git"
      },
      "original": {
        "type": "git",
        "url": "https://git.priv.os76.xyz/xeno/nur.git"
      }
    },
    "nvf": {
      "inputs": {
        "flake-compat": "flake-compat",
        "flake-parts": "flake-parts_2",
        "mnw": "mnw",
        "ndg": "ndg",
        "nixpkgs": [
          "nixpkgs"
        ],
        "systems": "systems_2"
      },
      "locked": {
        "lastModified": 1765537745,
        "narHash": "sha256-EaFYxx2aSuM2xx+l+E55YNMCJOoQBl2tJybxyF0pPqw=",
        "owner": "notashelf",
        "repo": "nvf",
        "rev": "8e031476d0d7f326b63c9c5522f840e2f8b724c0",
        "type": "github"
      },
      "original": {
        "owner": "notashelf",
        "ref": "v0.8",
        "repo": "nvf",
        "type": "github"
      }
    },
    "nvfOs76": {
      "inputs": {
        "flake-utils": "flake-utils",
        "nixpkgs": [
          "nixpkgs"
        ],
        "nixpkgs-terraform": "nixpkgs-terraform_2",
        "nvf": "nvf_2"
      },
      "locked": {
        "lastModified": 1767410799,
        "narHash": "sha256-IFtxptM6jJFFitIAl7dS0pjoi0bK55S6KQ9zwCZfZBo=",
        "ref": "refs/heads/main",
        "rev": "127ed2d0402ff7f0c1c5999798a79021541413ae",
        "revCount": 59,
        "type": "git",
        "url": "https://git.priv.os76.xyz/xeno/os76-nvf.git"
      },
      "original": {
        "type": "git",
        "url": "https://git.priv.os76.xyz/xeno/os76-nvf.git"
      }
    },
    "nvf_2": {
      "inputs": {
        "flake-compat": "flake-compat_2",
        "flake-parts": "flake-parts_3",
        "mnw": "mnw_2",
        "ndg": "ndg_2",
        "nixpkgs": [
          "nvfOs76",
          "nixpkgs"
        ],
        "systems": "systems_5"
      },
      "locked": {
        "lastModified": 1765537745,
        "narHash": "sha256-EaFYxx2aSuM2xx+l+E55YNMCJOoQBl2tJybxyF0pPqw=",
        "owner": "NotAShelf",
        "repo": "nvf",
        "rev": "8e031476d0d7f326b63c9c5522f840e2f8b724c0",
        "type": "github"
      },
      "original": {
        "owner": "NotAShelf",
        "ref": "v0.8",
        "repo": "nvf",
        "type": "github"
      }
    },
    "root": {
      "inputs": {
        "catppuccin": "catppuccin",
        "home-manager": "home-manager",
        "nixpkgs": "nixpkgs_2",
        "nixpkgs-terraform": "nixpkgs-terraform",
        "nixpkgsUnstable": "nixpkgsUnstable",
        "nur": "nur",
        "nurOs76": "nurOs76",
        "nurOs76Priv": "nurOs76Priv",
        "nvf": "nvf",
        "nvfOs76": "nvfOs76",
        "sops-nix": "sops-nix"
      }
    },
    "sops-nix": {
      "inputs": {
        "nixpkgs": [
          "nixpkgs"
        ]
      },
      "locked": {
        "lastModified": 1766894905,
        "narHash": "sha256-pn8AxxfajqyR/Dmr1wnZYdUXHgM3u6z9x0Z1Ijmz2UQ=",
        "owner": "Mic92",
        "repo": "sops-nix",
        "rev": "61b39c7b657081c2adc91b75dd3ad8a91d6f07a7",
        "type": "github"
      },
      "original": {
        "owner": "Mic92",
        "repo": "sops-nix",
        "type": "github"
      }
    },
    "systems": {
      "locked": {
        "lastModified": 1681028828,
        "narHash": "sha256-Vy1rq5AaRuLzOxct8nz4T6wlgyUR7zLU309k9mBC768=",
        "owner": "nix-systems",
        "repo": "default",
        "rev": "da67096a3b9bf56a91d16901293e51ba5b49a27e",
        "type": "github"
      },
      "original": {
        "owner": "nix-systems",
        "repo": "default",
        "type": "github"
      }
    },
    "systems_2": {
      "locked": {
        "lastModified": 1681028828,
        "narHash": "sha256-Vy1rq5AaRuLzOxct8nz4T6wlgyUR7zLU309k9mBC768=",
        "owner": "nix-systems",
        "repo": "default",
        "rev": "da67096a3b9bf56a91d16901293e51ba5b49a27e",
        "type": "github"
      },
      "original": {
        "owner": "nix-systems",
        "repo": "default",
        "type": "github"
      }
    },
    "systems_3": {
      "locked": {
        "lastModified": 1681028828,
        "narHash": "sha256-Vy1rq5AaRuLzOxct8nz4T6wlgyUR7zLU309k9mBC768=",
        "owner": "nix-systems",
        "repo": "default",
        "rev": "da67096a3b9bf56a91d16901293e51ba5b49a27e",
        "type": "github"
      },
      "original": {
        "owner": "nix-systems",
        "repo": "default",
        "type": "github"
      }
    },
    "systems_4": {
      "locked": {
        "lastModified": 1681028828,
        "narHash": "sha256-Vy1rq5AaRuLzOxct8nz4T6wlgyUR7zLU309k9mBC768=",
        "owner": "nix-systems",
        "repo": "default",
        "rev": "da67096a3b9bf56a91d16901293e51ba5b49a27e",
        "type": "github"
      },
      "original": {
        "owner": "nix-systems",
        "repo": "default",
        "type": "github"
      }
    },
    "systems_5": {
      "locked": {
        "lastModified": 1681028828,
        "narHash": "sha256-Vy1rq5AaRuLzOxct8nz4T6wlgyUR7zLU309k9mBC768=",
        "owner": "nix-systems",
        "repo": "default",
        "rev": "da67096a3b9bf56a91d16901293e51ba5b49a27e",
        "type": "github"
      },
      "original": {
        "owner": "nix-systems",
        "repo": "default",
        "type": "github"
      }
    }
  },
  "root": "root",
  "version": 7
}
